
Microsoft Visual Studio Solution File, Format Version 12.00
# Visual Studio Version 17
VisualStudioVersion = 17.4.33213.308
MinimumVisualStudioVersion = 10.0.40219.1
Project("{FAE04EC0-301F-11D3-BF4B-00C04F79EFBC}") = "Capps_API", "Capps_API\Capps_API.csproj", "{B597A8CB-9FF9-48DC-BDFE-A83CB16D6B6B}"
EndProject
Global
	GlobalSection(SolutionConfigurationPlatforms) = preSolution
		Debug|Any CPU = Debug|Any CPU
		Release|Any CPU = Release|Any CPU
	EndGlobalSection
	GlobalSection(ProjectConfigurationPlatforms) = postSolution
		{B597A8CB-9FF9-48DC-BDFE-A83CB16D6B6B}.Debug|Any CPU.ActiveCfg = Debug|Any CPU
		{B597A8CB-9FF9-48DC-BDFE-A83CB16D6B6B}.Debug|Any CPU.Build.0 = Debug|Any CPU
		{B597A8CB-9FF9-48DC-BDFE-A83CB16D6B6B}.Release|Any CPU.ActiveCfg = Release|Any CPU
		{B597A8CB-9FF9-48DC-BDFE-A83CB16D6B6B}.Release|Any CPU.Build.0 = Release|Any CPU
	EndGlobalSection
	GlobalSection(SolutionProperties) = preSolution
		HideSolutionNode = FALSE
	EndGlobalSection
	GlobalSection(ExtensibilityGlobals) = postSolution
		SolutionGuid = {5FFA34C4-977A-464E-B03F-86FD96FF445E}
	EndGlobalSection
EndGlobal
